
Microsoft Visual Studio Solution File, Format Version 12.00
Project("{FAE04EC0-301F-11D3-BF4B-00C04F79EFBC}") = "Flashcards", "Flashcards\Flashcards.csproj", "{5A95F45C-96F9-4E9A-945C-06BD24BBCB1B}"
EndProject
Global
	GlobalSection(SolutionConfigurationPlatforms) = preSolution
		Debug|Any CPU = Debug|Any CPU
		Release|Any CPU = Release|Any CPU
	EndGlobalSection
	GlobalSection(ProjectConfigurationPlatforms) = postSolution
		{5A95F45C-96F9-4E9A-945C-06BD24BBCB1B}.Debug|Any CPU.ActiveCfg = Debug|Any CPU
		{5A95F45C-96F9-4E9A-945C-06BD24BBCB1B}.Debug|Any CPU.Build.0 = Debug|Any CPU
		{5A95F45C-96F9-4E9A-945C-06BD24BBCB1B}.Release|Any CPU.ActiveCfg = Release|Any CPU
		{5A95F45C-96F9-4E9A-945C-06BD24BBCB1B}.Release|Any CPU.Build.0 = Release|Any CPU
	EndGlobalSection
EndGlobal
